{
  "version": 4,
  "terraform_version": "1.3.6",
  "serial": 4,
  "lineage": "f70ae2ac-4b99-68f5-4412-3a1a40bae26f",
  "outputs": {
    "bungee": {
      "value": "51.15.131.221",
      "type": "string"
    }
  },
  "resources": [
    {
      "mode": "managed",
      "type": "scaleway_instance_ip",
      "name": "public_ip1",
      "provider": "provider[\"registry.terraform.io/scaleway/scaleway\"]",
      "instances": [
        {
          "schema_version": 0,
          "attributes": {
            "address": "51.15.131.221",
            "id": "fr-par-1/3e43927b-432c-48e0-bd86-ef5f566385e1",
            "organization_id": "01548252-c96f-4826-a6cb-d7d596f52e93",
            "project_id": "b73790d7-afbb-40b5-bed0-2f3c446da796",
            "reverse": "",
            "server_id": "",
            "tags": null,
            "timeouts": null,
            "zone": "fr-par-1"
          },
          "sensitive_attributes": [],
          "private": "eyJlMmJmYjczMC1lY2FhLTExZTYtOGY4OC0zNDM2M2JjN2M0YzAiOnsiY3JlYXRlIjo2MDAwMDAwMDAwMCwiZGVmYXVsdCI6NjAwMDAwMDAwMDAsImRlbGV0ZSI6NjAwMDAwMDAwMDAsInJlYWQiOjYwMDAwMDAwMDAwLCJ1cGRhdGUiOjYwMDAwMDAwMDAwfX0="
        }
      ]
    },
    {
      "mode": "managed",
      "type": "scaleway_instance_security_group",
      "name": "securitygroup_defou",
      "provider": "provider[\"registry.terraform.io/scaleway/scaleway\"]",
      "instances": [
        {
          "schema_version": 0,
          "attributes": {
            "description": "",
            "enable_default_security": true,
            "external_rules": false,
            "id": "fr-par-1/29005f9f-d49b-4864-ac4d-b0e2fe754179",
            "inbound_default_policy": "drop",
            "inbound_rule": [
              {
                "action": "accept",
                "ip": "",
                "ip_range": "0.0.0.0/0",
                "port": 22,
                "port_range": "",
                "protocol": "TCP"
              },
              {
                "action": "accept",
                "ip": "",
                "ip_range": "0.0.0.0/0",
                "port": 25565,
                "port_range": "",
                "protocol": "TCP"
              },
              {
                "action": "accept",
                "ip": "",
                "ip_range": "0.0.0.0/0",
                "port": 25577,
                "port_range": "",
                "protocol": "TCP"
              }
            ],
            "name": "teamnameobligatoire-securitygroup_defou",
            "organization_id": "01548252-c96f-4826-a6cb-d7d596f52e93",
            "outbound_default_policy": "accept",
            "outbound_rule": [],
            "project_id": "b73790d7-afbb-40b5-bed0-2f3c446da796",
            "stateful": true,
            "tags": null,
            "timeouts": null,
            "zone": "fr-par-1"
          },
          "sensitive_attributes": [],
          "private": "eyJlMmJmYjczMC1lY2FhLTExZTYtOGY4OC0zNDM2M2JjN2M0YzAiOnsiY3JlYXRlIjo2MDAwMDAwMDAwMCwiZGVmYXVsdCI6NjAwMDAwMDAwMDAsImRlbGV0ZSI6NjAwMDAwMDAwMDAsInJlYWQiOjYwMDAwMDAwMDAwLCJ1cGRhdGUiOjYwMDAwMDAwMDAwfX0="
        }
      ]
    },
    {
      "mode": "managed",
      "type": "scaleway_instance_server",
      "name": "bungee",
      "provider": "provider[\"registry.terraform.io/scaleway/scaleway\"]",
      "instances": [
        {
          "schema_version": 0,
          "attributes": {
            "additional_volume_ids": null,
            "boot_type": "local",
            "bootscript_id": "fdfe150f-a870-4ce4-b432-9f56b5b995c1",
            "cloud_init": null,
            "enable_dynamic_ip": false,
            "enable_ipv6": false,
            "id": "fr-par-1/3344d7ec-44a5-4fd3-bb1d-15ecbcb21dae",
            "image": "ubuntu_jammy",
            "ip_id": "fr-par-1/3e43927b-432c-48e0-bd86-ef5f566385e1",
            "ipv6_address": "",
            "ipv6_gateway": "",
            "ipv6_prefix_length": 0,
            "name": "teamnameobligatoire-bungee",
            "organization_id": "01548252-c96f-4826-a6cb-d7d596f52e93",
            "placement_group_id": null,
            "placement_group_policy_respected": null,
            "private_ip": "10.68.208.15",
            "private_network": [],
            "project_id": "b73790d7-afbb-40b5-bed0-2f3c446da796",
            "public_ip": "51.15.131.221",
            "root_volume": [
              {
                "boot": false,
                "delete_on_termination": true,
                "name": "Ubuntu 22.04 Jammy Jellyfish",
                "size_in_gb": 50,
                "volume_id": "fr-par-1/348043a1-81b4-45fc-ae8b-b4e8f1a0ae06",
                "volume_type": "l_ssd"
              }
            ],
            "security_group_id": "fr-par-1/29005f9f-d49b-4864-ac4d-b0e2fe754179",
            "state": "started",
            "tags": [
              "front",
              "web"
            ],
            "timeouts": null,
            "type": "DEV1-L",
            "user_data": {
              "cloud-init": "#!/usr/bin/bash\n\ntouch /root/initstart\n\ncd /root/\napt-get install -y default-jdk\nmkdir minecraft_bungee\ncd minecraft_bungee\nwget https://cdn.getbukkit.org/spigot/spigot-1.14.jar\njava -Xms1G -Xmx1G -XX:+UseG1GC -jar spigot-1.14.jar nogui\u003c\u003cEOF\n\nstop\nEOF\nrm eula.txt\necho \"eula=true\" \u003e eula.txt\n\nsudo apt-get install -y git openjdk-8-jre-headless\nwget https://hub.spigotmc.org/jenkins/job/BuildTools/lastSuccessfulBuild/artifact/target/BuildTools.jar\ngit config --global --unset core.autocrlf\njava -jar BuildTools.jar\nrm server_properties\nwget https://www.dropbox.com/s/3z446jutacgx241/server.properties?dl=1\nrm server.properties\nmv 'server.properties?dl=1' server.properties\nwget https://www.dropbox.com/s/jd3jfgc2aaaopw6/spigot.yml?dl=1\nrm spigot.yml\nmv 'spigot.yml?dl=1' spigot.yml\nsudo iptables -A INPUT -p tcp --dport 25565 -j ACCEPT\nsudo iptables -A INPUT -p tcp --dport 25577 -j ACCEPT\nsudo iptables -A INPUT -p tcp --dport 22 -j ACCEPT\napt install tmux\nwget https://ci.md-5.net/job/BungeeCord/lastSuccessfulBuild/artifact/bootstrap/target/BungeeCord.jar\njava -Xms512M -Xmx512M -jar BungeeCord.jar\u003c\u003cEOF\n\nend\nEOF\nwget http://www.multicraft.org/download/conf/?file=bungeecord.jar.conf\nmv index.html\\?file\\=bungeecord.jar.conf bungeecord.jar.conf\nwget https://www.dropbox.com/s/c6492uqwnlrebfl/config.yml?dl=1\nrm config.yml\nmv 'config.yml?dl=1' config.yml\n\n\ntmux new -d -s bungee_minecraft\ntmux send-keys -t bungee_minecraft \"java -Xms1G -Xmx2G -jar BungeeCord.jar\" ENTER\n\ntouch /root/initend\n",
              "name": "initscript"
            },
            "zone": "fr-par-1"
          },
          "sensitive_attributes": [],
          "private": "eyJlMmJmYjczMC1lY2FhLTExZTYtOGY4OC0zNDM2M2JjN2M0YzAiOnsiY3JlYXRlIjo2MDAwMDAwMDAwMDAsImRlZmF1bHQiOjYwMDAwMDAwMDAwMCwiZGVsZXRlIjo2MDAwMDAwMDAwMDAsInJlYWQiOjYwMDAwMDAwMDAwMCwidXBkYXRlIjo2MDAwMDAwMDAwMDB9fQ==",
          "dependencies": [
            "scaleway_instance_ip.public_ip1",
            "scaleway_instance_security_group.securitygroup_defou"
          ]
        }
      ]
    }
  ],
  "check_results": null
}
